
Microsoft Visual Studio Solution File, Format Version 12.00
# Visual Studio 15
VisualStudioVersion = 15.0.26430.16
MinimumVisualStudioVersion = 10.0.40219.1
Project("{2150E333-8FDC-42A3-9474-1A3956D46DE8}") = "00 Framework", "00 Framework", "{54101FDB-ABFD-4A82-ACFD-24F5917062C8}"
EndProject
Project("{2150E333-8FDC-42A3-9474-1A3956D46DE8}") = "01 Models", "01 Models", "{E81D0CB4-1B69-4EA5-91A8-7B279D8D53FD}"
EndProject
Project("{2150E333-8FDC-42A3-9474-1A3956D46DE8}") = "02 Access", "02 Access", "{C4D9A3F0-21FB-4A6B-9DF1-DD6C8068F5D4}"
EndProject
Project("{2150E333-8FDC-42A3-9474-1A3956D46DE8}") = "03 Business", "03 Business", "{0B8125E2-1D0B-4F51-BAC9-6D3897B6FF08}"
EndProject
Project("{2150E333-8FDC-42A3-9474-1A3956D46DE8}") = "04 Layouts", "04 Layouts", "{1E40860F-A604-4440-ACAF-98E2EC0FD429}"
EndProject
Project("{2150E333-8FDC-42A3-9474-1A3956D46DE8}") = "05 Win", "05 Win", "{8EE6EC8F-915C-4B68-B20D-EFFA57D75308}"
EndProject
Project("{FAE04EC0-301F-11D3-BF4B-00C04F79EFBC}") = "DN.WeiAd.Models", "01 Models\DN.WeiAd.Models\DN.WeiAd.Models.csproj", "{1DAD341F-D024-4660-B434-46CEE82D24E1}"
EndProject
Project("{FAE04EC0-301F-11D3-BF4B-00C04F79EFBC}") = "DN.WeiAd.Interface", "02 Access\DN.WeiAd.Interface\DN.WeiAd.Interface.csproj", "{B151B237-C8B3-49CE-AA9B-6B2744D41BFA}"
EndProject
Project("{FAE04EC0-301F-11D3-BF4B-00C04F79EFBC}") = "DN.WeiAd.Business", "03 Business\DN.WeiAd.Business\DN.WeiAd.Business.csproj", "{442E16E3-26E2-48AB-BF46-69205F8727E1}"
EndProject
Project("{2150E333-8FDC-42A3-9474-1A3956D46DE8}") = "DataProvider", "DataProvider", "{CECA5029-507D-460F-96A5-441F3A6E5B73}"
EndProject
Project("{FAE04EC0-301F-11D3-BF4B-00C04F79EFBC}") = "DN.WeiAd.MsSqlAccess", "02 Access\DN.WeiAd.MsSqlAccess\DN.WeiAd.MsSqlAccess.csproj", "{E84669F9-EDB4-4CA6-BDA0-A097E766EE5B}"
EndProject
Project("{FAE04EC0-301F-11D3-BF4B-00C04F79EFBC}") = "WebApp", "04 Layouts\WebApp\WebApp.csproj", "{97CFAF0F-26E5-4C10-BEC8-32A2EE253B06}"
EndProject
Project("{FAE04EC0-301F-11D3-BF4B-00C04F79EFBC}") = "ConsoleApp", "05 Win\ConsoleApp\ConsoleApp.csproj", "{DADD0A23-77E8-468B-AA84-EA584A6E5AA5}"
EndProject
Project("{FAE04EC0-301F-11D3-BF4B-00C04F79EFBC}") = "DN.WeiAd.Framework", "00 Framework\DN.WeiAd.Framework\DN.WeiAd.Framework.csproj", "{70BA9A9B-E00F-4839-B323-246E24F41ADB}"
EndProject
Project("{FAE04EC0-301F-11D3-BF4B-00C04F79EFBC}") = "IisApp", "05 Win\IisApp\IisApp.csproj", "{D146053C-1BA5-4F5F-BD98-65D15593CD14}"
EndProject
Project("{FAE04EC0-301F-11D3-BF4B-00C04F79EFBC}") = "AdApp", "04 Layouts\AdApp\AdApp.csproj", "{C3575B84-0C27-4701-870A-85B352ABA2BC}"
EndProject
Project("{FAE04EC0-301F-11D3-BF4B-00C04F79EFBC}") = "DomainApp", "05 Win\DomainApp\DomainApp.csproj", "{6FE27531-1C8E-4D75-8976-2127D85AC2CE}"
EndProject
Project("{FAE04EC0-301F-11D3-BF4B-00C04F79EFBC}") = "TestAdUrl", "05 Win\TestAdUrl\TestAdUrl.csproj", "{E1DF8235-9C4D-4226-A20C-604CAC351FBC}"
EndProject
Project("{FAE04EC0-301F-11D3-BF4B-00C04F79EFBC}") = "LoadAdPage", "05 Win\LoadAdPage\LoadAdPage.csproj", "{81D74DA6-6E57-4379-B2FD-A9E3F9F372D1}"
EndProject
Project("{FAE04EC0-301F-11D3-BF4B-00C04F79EFBC}") = "WinIIS", "05 Win\WinIIS\WinIIS.csproj", "{2E1E5B7D-6BD9-45AC-9FBE-8D1901E344B3}"
EndProject
Project("{FAE04EC0-301F-11D3-BF4B-00C04F79EFBC}") = "WeTest", "05 Win\WeTest\WeTest.csproj", "{82B57908-5081-4E90-86AF-EEFC830A3390}"
EndProject
Global
	GlobalSection(SolutionConfigurationPlatforms) = preSolution
		Debug|Any CPU = Debug|Any CPU
		Release|Any CPU = Release|Any CPU
	EndGlobalSection
	GlobalSection(ProjectConfigurationPlatforms) = postSolution
		{1DAD341F-D024-4660-B434-46CEE82D24E1}.Debug|Any CPU.ActiveCfg = Debug|Any CPU
		{1DAD341F-D024-4660-B434-46CEE82D24E1}.Debug|Any CPU.Build.0 = Debug|Any CPU
		{1DAD341F-D024-4660-B434-46CEE82D24E1}.Release|Any CPU.ActiveCfg = Release|Any CPU
		{1DAD341F-D024-4660-B434-46CEE82D24E1}.Release|Any CPU.Build.0 = Release|Any CPU
		{B151B237-C8B3-49CE-AA9B-6B2744D41BFA}.Debug|Any CPU.ActiveCfg = Debug|Any CPU
		{B151B237-C8B3-49CE-AA9B-6B2744D41BFA}.Debug|Any CPU.Build.0 = Debug|Any CPU
		{B151B237-C8B3-49CE-AA9B-6B2744D41BFA}.Release|Any CPU.ActiveCfg = Release|Any CPU
		{B151B237-C8B3-49CE-AA9B-6B2744D41BFA}.Release|Any CPU.Build.0 = Release|Any CPU
		{442E16E3-26E2-48AB-BF46-69205F8727E1}.Debug|Any CPU.ActiveCfg = Debug|Any CPU
		{442E16E3-26E2-48AB-BF46-69205F8727E1}.Debug|Any CPU.Build.0 = Debug|Any CPU
		{442E16E3-26E2-48AB-BF46-69205F8727E1}.Release|Any CPU.ActiveCfg = Release|Any CPU
		{442E16E3-26E2-48AB-BF46-69205F8727E1}.Release|Any CPU.Build.0 = Release|Any CPU
		{E84669F9-EDB4-4CA6-BDA0-A097E766EE5B}.Debug|Any CPU.ActiveCfg = Debug|Any CPU
		{E84669F9-EDB4-4CA6-BDA0-A097E766EE5B}.Debug|Any CPU.Build.0 = Debug|Any CPU
		{E84669F9-EDB4-4CA6-BDA0-A097E766EE5B}.Release|Any CPU.ActiveCfg = Release|Any CPU
		{E84669F9-EDB4-4CA6-BDA0-A097E766EE5B}.Release|Any CPU.Build.0 = Release|Any CPU
		{97CFAF0F-26E5-4C10-BEC8-32A2EE253B06}.Debug|Any CPU.ActiveCfg = Debug|Any CPU
		{97CFAF0F-26E5-4C10-BEC8-32A2EE253B06}.Debug|Any CPU.Build.0 = Debug|Any CPU
		{97CFAF0F-26E5-4C10-BEC8-32A2EE253B06}.Release|Any CPU.ActiveCfg = Release|Any CPU
		{97CFAF0F-26E5-4C10-BEC8-32A2EE253B06}.Release|Any CPU.Build.0 = Release|Any CPU
		{DADD0A23-77E8-468B-AA84-EA584A6E5AA5}.Debug|Any CPU.ActiveCfg = Debug|Any CPU
		{DADD0A23-77E8-468B-AA84-EA584A6E5AA5}.Debug|Any CPU.Build.0 = Debug|Any CPU
		{DADD0A23-77E8-468B-AA84-EA584A6E5AA5}.Release|Any CPU.ActiveCfg = Release|Any CPU
		{DADD0A23-77E8-468B-AA84-EA584A6E5AA5}.Release|Any CPU.Build.0 = Release|Any CPU
		{70BA9A9B-E00F-4839-B323-246E24F41ADB}.Debug|Any CPU.ActiveCfg = Debug|Any CPU
		{70BA9A9B-E00F-4839-B323-246E24F41ADB}.Debug|Any CPU.Build.0 = Debug|Any CPU
		{70BA9A9B-E00F-4839-B323-246E24F41ADB}.Release|Any CPU.ActiveCfg = Release|Any CPU
		{70BA9A9B-E00F-4839-B323-246E24F41ADB}.Release|Any CPU.Build.0 = Release|Any CPU
		{D146053C-1BA5-4F5F-BD98-65D15593CD14}.Debug|Any CPU.ActiveCfg = Debug|Any CPU
		{D146053C-1BA5-4F5F-BD98-65D15593CD14}.Debug|Any CPU.Build.0 = Debug|Any CPU
		{D146053C-1BA5-4F5F-BD98-65D15593CD14}.Release|Any CPU.ActiveCfg = Release|Any CPU
		{D146053C-1BA5-4F5F-BD98-65D15593CD14}.Release|Any CPU.Build.0 = Release|Any CPU
		{C3575B84-0C27-4701-870A-85B352ABA2BC}.Debug|Any CPU.ActiveCfg = Debug|Any CPU
		{C3575B84-0C27-4701-870A-85B352ABA2BC}.Debug|Any CPU.Build.0 = Debug|Any CPU
		{C3575B84-0C27-4701-870A-85B352ABA2BC}.Release|Any CPU.ActiveCfg = Release|Any CPU
		{C3575B84-0C27-4701-870A-85B352ABA2BC}.Release|Any CPU.Build.0 = Release|Any CPU
		{6FE27531-1C8E-4D75-8976-2127D85AC2CE}.Debug|Any CPU.ActiveCfg = Debug|Any CPU
		{6FE27531-1C8E-4D75-8976-2127D85AC2CE}.Debug|Any CPU.Build.0 = Debug|Any CPU
		{6FE27531-1C8E-4D75-8976-2127D85AC2CE}.Release|Any CPU.ActiveCfg = Release|Any CPU
		{6FE27531-1C8E-4D75-8976-2127D85AC2CE}.Release|Any CPU.Build.0 = Release|Any CPU
		{E1DF8235-9C4D-4226-A20C-604CAC351FBC}.Debug|Any CPU.ActiveCfg = Debug|Any CPU
		{E1DF8235-9C4D-4226-A20C-604CAC351FBC}.Debug|Any CPU.Build.0 = Debug|Any CPU
		{E1DF8235-9C4D-4226-A20C-604CAC351FBC}.Release|Any CPU.ActiveCfg = Release|Any CPU
		{E1DF8235-9C4D-4226-A20C-604CAC351FBC}.Release|Any CPU.Build.0 = Release|Any CPU
		{81D74DA6-6E57-4379-B2FD-A9E3F9F372D1}.Debug|Any CPU.ActiveCfg = Debug|Any CPU
		{81D74DA6-6E57-4379-B2FD-A9E3F9F372D1}.Debug|Any CPU.Build.0 = Debug|Any CPU
		{81D74DA6-6E57-4379-B2FD-A9E3F9F372D1}.Release|Any CPU.ActiveCfg = Release|Any CPU
		{81D74DA6-6E57-4379-B2FD-A9E3F9F372D1}.Release|Any CPU.Build.0 = Release|Any CPU
		{2E1E5B7D-6BD9-45AC-9FBE-8D1901E344B3}.Debug|Any CPU.ActiveCfg = Debug|Any CPU
		{2E1E5B7D-6BD9-45AC-9FBE-8D1901E344B3}.Debug|Any CPU.Build.0 = Debug|Any CPU
		{2E1E5B7D-6BD9-45AC-9FBE-8D1901E344B3}.Release|Any CPU.ActiveCfg = Release|Any CPU
		{2E1E5B7D-6BD9-45AC-9FBE-8D1901E344B3}.Release|Any CPU.Build.0 = Release|Any CPU
		{82B57908-5081-4E90-86AF-EEFC830A3390}.Debug|Any CPU.ActiveCfg = Debug|Any CPU
		{82B57908-5081-4E90-86AF-EEFC830A3390}.Debug|Any CPU.Build.0 = Debug|Any CPU
		{82B57908-5081-4E90-86AF-EEFC830A3390}.Release|Any CPU.ActiveCfg = Release|Any CPU
		{82B57908-5081-4E90-86AF-EEFC830A3390}.Release|Any CPU.Build.0 = Release|Any CPU
	EndGlobalSection
	GlobalSection(SolutionProperties) = preSolution
		HideSolutionNode = FALSE
	EndGlobalSection
	GlobalSection(NestedProjects) = preSolution
		{1DAD341F-D024-4660-B434-46CEE82D24E1} = {E81D0CB4-1B69-4EA5-91A8-7B279D8D53FD}
		{B151B237-C8B3-49CE-AA9B-6B2744D41BFA} = {C4D9A3F0-21FB-4A6B-9DF1-DD6C8068F5D4}
		{442E16E3-26E2-48AB-BF46-69205F8727E1} = {0B8125E2-1D0B-4F51-BAC9-6D3897B6FF08}
		{CECA5029-507D-460F-96A5-441F3A6E5B73} = {C4D9A3F0-21FB-4A6B-9DF1-DD6C8068F5D4}
		{E84669F9-EDB4-4CA6-BDA0-A097E766EE5B} = {CECA5029-507D-460F-96A5-441F3A6E5B73}
		{97CFAF0F-26E5-4C10-BEC8-32A2EE253B06} = {1E40860F-A604-4440-ACAF-98E2EC0FD429}
		{DADD0A23-77E8-468B-AA84-EA584A6E5AA5} = {8EE6EC8F-915C-4B68-B20D-EFFA57D75308}
		{70BA9A9B-E00F-4839-B323-246E24F41ADB} = {54101FDB-ABFD-4A82-ACFD-24F5917062C8}
		{D146053C-1BA5-4F5F-BD98-65D15593CD14} = {8EE6EC8F-915C-4B68-B20D-EFFA57D75308}
		{C3575B84-0C27-4701-870A-85B352ABA2BC} = {1E40860F-A604-4440-ACAF-98E2EC0FD429}
		{6FE27531-1C8E-4D75-8976-2127D85AC2CE} = {8EE6EC8F-915C-4B68-B20D-EFFA57D75308}
		{E1DF8235-9C4D-4226-A20C-604CAC351FBC} = {8EE6EC8F-915C-4B68-B20D-EFFA57D75308}
		{81D74DA6-6E57-4379-B2FD-A9E3F9F372D1} = {8EE6EC8F-915C-4B68-B20D-EFFA57D75308}
		{2E1E5B7D-6BD9-45AC-9FBE-8D1901E344B3} = {8EE6EC8F-915C-4B68-B20D-EFFA57D75308}
		{82B57908-5081-4E90-86AF-EEFC830A3390} = {8EE6EC8F-915C-4B68-B20D-EFFA57D75308}
	EndGlobalSection
EndGlobal
